
Microsoft Visual Studio Solution File, Format Version 12.00
# Visual Studio Version 17
VisualStudioVersion = 17.1.32407.343
MinimumVisualStudioVersion = 10.0.40219.1
Project("{9A19103F-16F7-4668-BE54-9A1E7A4F7556}") = "Tic_tac_toe_ver2", "Tic_tac_toe_ver2\Tic_tac_toe_ver2.csproj", "{60F54270-81F0-4C00-87CA-8163ACEC8688}"
EndProject
Project("{54435603-DBB4-11D2-8724-00A0C9A8B90C}") = "Setup1", "Setup1\Setup1.vdproj", "{278DB068-2EA7-42E8-BD5F-AB8C30276B04}"
EndProject
Global
	GlobalSection(SolutionConfigurationPlatforms) = preSolution
		Debug|Any CPU = Debug|Any CPU
		Release|Any CPU = Release|Any CPU
	EndGlobalSection
	GlobalSection(ProjectConfigurationPlatforms) = postSolution
		{60F54270-81F0-4C00-87CA-8163ACEC8688}.Debug|Any CPU.ActiveCfg = Debug|Any CPU
		{60F54270-81F0-4C00-87CA-8163ACEC8688}.Debug|Any CPU.Build.0 = Debug|Any CPU
		{60F54270-81F0-4C00-87CA-8163ACEC8688}.Release|Any CPU.ActiveCfg = Release|Any CPU
		{60F54270-81F0-4C00-87CA-8163ACEC8688}.Release|Any CPU.Build.0 = Release|Any CPU
		{278DB068-2EA7-42E8-BD5F-AB8C30276B04}.Debug|Any CPU.ActiveCfg = Debug
		{278DB068-2EA7-42E8-BD5F-AB8C30276B04}.Release|Any CPU.ActiveCfg = Release
	EndGlobalSection
	GlobalSection(SolutionProperties) = preSolution
		HideSolutionNode = FALSE
	EndGlobalSection
	GlobalSection(ExtensibilityGlobals) = postSolution
		SolutionGuid = {CB541B2C-4D5E-4030-887A-C747EA73AF45}
	EndGlobalSection
EndGlobal
